
Microsoft Visual Studio Solution File, Format Version 12.00
# Visual Studio 2012
Project("{FAE04EC0-301F-11D3-BF4B-00C04F79EFBC}") = "FizzBuzzCore", "FizzBuzz\FizzBuzzCore.csproj", "{332EEA5F-1F8A-403C-92A9-1FC0EE12EE09}"
EndProject
Project("{FAE04EC0-301F-11D3-BF4B-00C04F79EFBC}") = "FizzBuzzConsole", "FizzBuzzConsole\FizzBuzzConsole.csproj", "{B4DA555B-B19E-466A-95BF-B97EC3CEBDEF}"
EndProject
Global
	GlobalSection(SolutionConfigurationPlatforms) = preSolution
		Debug|Any CPU = Debug|Any CPU
		Release|Any CPU = Release|Any CPU
	EndGlobalSection
	GlobalSection(ProjectConfigurationPlatforms) = postSolution
		{332EEA5F-1F8A-403C-92A9-1FC0EE12EE09}.Debug|Any CPU.ActiveCfg = Debug|Any CPU
		{332EEA5F-1F8A-403C-92A9-1FC0EE12EE09}.Debug|Any CPU.Build.0 = Debug|Any CPU
		{332EEA5F-1F8A-403C-92A9-1FC0EE12EE09}.Release|Any CPU.ActiveCfg = Release|Any CPU
		{332EEA5F-1F8A-403C-92A9-1FC0EE12EE09}.Release|Any CPU.Build.0 = Release|Any CPU
		{B4DA555B-B19E-466A-95BF-B97EC3CEBDEF}.Debug|Any CPU.ActiveCfg = Debug|Any CPU
		{B4DA555B-B19E-466A-95BF-B97EC3CEBDEF}.Debug|Any CPU.Build.0 = Debug|Any CPU
		{B4DA555B-B19E-466A-95BF-B97EC3CEBDEF}.Release|Any CPU.ActiveCfg = Release|Any CPU
		{B4DA555B-B19E-466A-95BF-B97EC3CEBDEF}.Release|Any CPU.Build.0 = Release|Any CPU
	EndGlobalSection
	GlobalSection(SolutionProperties) = preSolution
		HideSolutionNode = FALSE
	EndGlobalSection
EndGlobal
